{
  "name": "context-passport",
  "version": "0.1.0",
  "lockfileVersion": 3,
  "requires": true,
  "packages": {
    "": {
      "name": "context-passport",
      "version": "0.1.0",
      "workspaces": [
        "dashboard",
        "extension"
      ],
      "devDependencies": {}
    },
    "dashboard": {
      "version": "0.1.0"
    },
    "extension": {
      "version": "0.1.0"
    },
    "node_modules/dashboard": {
      "resolved": "dashboard",
      "link": true
    },
    "node_modules/extension": {
      "resolved": "extension",
      "link": true
    }
  }
}
